{
    "_readme": [
        "This file locks the dependencies of your project to a known state",
        "Read more about it at https://getcomposer.org/doc/01-basic-usage.md#installing-dependencies",
        "This file is @generated automatically"
    ],
    "content-hash": "b9ae7eb1f98c07822882d5c794578160",
    "packages": [
        {
            "name": "psr/container",
            "version": "2.0.2",
            "source": {
                "type": "git",
                "url": "https://github.com/php-fig/container.git",
                "reference": "c71ecc56dfe541dbd90c5360474fbc405f8d5963"
            },
            "dist": {
                "type": "zip",
                "url": "https://api.github.com/repos/php-fig/container/zipball/c71ecc56dfe541dbd90c5360474fbc405f8d5963",
                "reference": "c71ecc56dfe541dbd90c5360474fbc405f8d5963",
                "shasum": ""
            },
            "require": {
                "php": ">=7.4.0"
            },
            "type": "library",
            "extra": {
                "branch-alias": {
                    "dev-master": "2.0.x-dev"
                }
            },
            "autoload": {
                "psr-4": {
                    "Psr\\Container\\": "src/"
                }
            },
            "notification-url": "https://packagist.org/downloads/",
            "license": [
                "MIT"
            ],
            "authors": [
                {
                    "name": "PHP-FIG",
                    "homepage": "https://www.php-fig.org/"
                }
            ],
            "description": "Common Container Interface (PHP FIG PSR-11)",
            "homepage": "https://github.com/php-fig/container",
            "keywords": [
                "PSR-11",
                "container",
                "container-interface",
                "container-interop",
                "psr"
            ],
            "support": {
                "issues": "https://github.com/php-fig/container/issues",
                "source": "https://github.com/php-fig/container/tree/2.0.2"
            },
            "time": "2021-11-05T16:47:00+00:00"
        },
        {
            "name": "sunder/di-container",
            "version": "v1.1",
            "source": {
                "type": "git",
                "url": "https://github.com/SunderShadow/php-di-container.git",
                "reference": "4e35c2978192df059a793d02fe45e72f03d8d19a"
            },
            "dist": {
                "type": "zip",
                "url": "https://api.github.com/repos/SunderShadow/php-di-container/zipball/4e35c2978192df059a793d02fe45e72f03d8d19a",
                "reference": "4e35c2978192df059a793d02fe45e72f03d8d19a",
                "shasum": ""
            },
            "require": {
                "php": "^8.2",
                "psr/container": "^2.0"
            },
            "require-dev": {
                "phpunit/phpunit": "^10.0"
            },
            "type": "library",
            "autoload": {
                "psr-4": {
                    "Sunder\\DI\\": "src/"
                }
            },
            "notification-url": "https://packagist.org/downloads/",
            "license": [
                "MIT"
            ],
            "authors": [
                {
                    "name": "SunderShadow",
                    "email": "sunundershadow@gmail.com"
                }
            ],
            "description": "DI container",
            "support": {
                "issues": "https://github.com/SunderShadow/php-di-container/issues",
                "source": "https://github.com/SunderShadow/php-di-container/tree/v1.1"
            },
            "time": "2023-04-12T21:28:01+00:00"
        },
        {
            "name": "swoole/ide-helper",
            "version": "5.0.2",
            "source": {
                "type": "git",
                "url": "https://github.com/swoole/ide-helper.git",
                "reference": "16cfee44a6ec92254228c39bcab2fb8ae74cc2ea"
            },
            "dist": {
                "type": "zip",
                "url": "https://api.github.com/repos/swoole/ide-helper/zipball/16cfee44a6ec92254228c39bcab2fb8ae74cc2ea",
                "reference": "16cfee44a6ec92254228c39bcab2fb8ae74cc2ea",
                "shasum": ""
            },
            "type": "library",
            "notification-url": "https://packagist.org/downloads/",
            "license": [
                "Apache-2.0"
            ],
            "authors": [
                {
                    "name": "Team Swoole",
                    "email": "team@swoole.com"
                }
            ],
            "description": "IDE help files for Swoole.",
            "support": {
                "issues": "https://github.com/swoole/ide-helper/issues",
                "source": "https://github.com/swoole/ide-helper/tree/5.0.2"
            },
            "time": "2023-03-20T06:05:55+00:00"
        }
    ],
    "packages-dev": [],
    "aliases": [],
    "minimum-stability": "stable",
    "stability-flags": [],
    "prefer-stable": false,
    "prefer-lowest": false,
    "platform": {
        "php": "^8.2"
    },
    "platform-dev": [],
    "plugin-api-version": "2.3.0"
}
